{
    "_meta": {
        "hash": {
            "sha256": "3c24c3d21a555db8a427af356fa20847fa7204a8b23aa515196dec79663ea496"
        },
        "pipfile-spec": 6,
        "requires": {
            "python_version": "3.9"
        },
        "sources": [
            {
                "name": "pypi",
                "url": "https://pypi.org/simple",
                "verify_ssl": true
            }
        ]
    },
    "default": {
        "asgiref": {
            "hashes": [
                "sha256:2f8abc20f7248433085eda803936d98992f1343ddb022065779f37c5da0181d0",
                "sha256:88d59c13d634dcffe0510be048210188edd79aeccb6a6c9028cdad6f31d730a9"
            ],
            "markers": "python_version >= '3.7'",
            "version": "==3.5.0"
        },
        "attrs": {
            "hashes": [
                "sha256:2d27e3784d7a565d36ab851fe94887c5eccd6a463168875832a1be79c82828b4",
                "sha256:626ba8234211db98e869df76230a137c4c40a12d72445c45d5f5b716f076e2fd"
            ],
            "markers": "python_version >= '2.7' and python_version not in '3.0, 3.1, 3.2, 3.3, 3.4'",
            "version": "==21.4.0"
        },
        "beautifulsoup4": {
            "hashes": [
                "sha256:9a315ce70049920ea4572a4055bc4bd700c940521d36fc858205ad4fcde149bf",
                "sha256:c23ad23c521d818955a4151a67d81580319d4bf548d3d49f4223ae041ff98891"
            ],
            "markers": "python_version >= '3.1'",
            "version": "==4.10.0"
        },
        "bootstrap4": {
            "hashes": [
                "sha256:f768f9a2760c4765682a7cd26f2d1662e8f82d5e773e325c386709abeb2dd3ae"
            ],
            "index": "pypi",
            "version": "==0.1.0"
        },
        "certifi": {
            "hashes": [
                "sha256:78884e7c1d4b00ce3cea67b44566851c4343c120abd683433ce934a68ea58872",
                "sha256:d62a0163eb4c2344ac042ab2bdf75399a71a2d8c7d47eac2e2ee91b9d6339569"
            ],
            "version": "==2021.10.8"
        },
        "charset-normalizer": {
            "hashes": [
                "sha256:2857e29ff0d34db842cd7ca3230549d1a697f96ee6d3fb071cfa6c7393832597",
                "sha256:6881edbebdb17b39b4eaaa821b438bf6eddffb4468cf344f09f89def34a8b1df"
            ],
            "markers": "python_version >= '3.0'",
            "version": "==2.0.12"
        },
        "ddtrace": {
            "hashes": [
                "sha256:024498dd42c3eeae97003389dd0180ba5180936a2362f7702d9446eff28e652b",
                "sha256:044749157b0b755205cc3f3c6df7172a01dcb8b817dc2716cbba556c6258f9ed",
                "sha256:0941252dc92654405fcceb92f6ff0fd92519050a09d536fd615c58089d5f9d80",
                "sha256:0f4a0623542cf53cc3f3f82734a6a2f58194b292d078586d5da3c76d6f1b26e2",
                "sha256:216605267136ef524b193abf5685e8115192101407436b1a79605d50c54ba534",
                "sha256:225c981fd161691a8b5e8501891fed23d24fb3df54a57c461c748c87eb077cd3",
                "sha256:2743141b6d496ca12e97f105f6093bca71ed5f5f2296dd47717d2704be6f4bdd",
                "sha256:2797c0ef1a7052744d416b2b0bca3f11b1eabe46cc71c7e90d08db6522e3ee62",
                "sha256:2a77f5a763855438fa0f993cd2aa1e577af736df7eeb3a0475fda0a379d5eb6b",
                "sha256:2af5e4bd933d9872982c2dd5769e80ea012acd902425b586b3c765af039eb5ff",
                "sha256:2e4b3ce082a132db0fe9f5a9aae1515f03c259b4fb8338992e5e17950b89823b",
                "sha256:2ea26a4558e43ff8fc618b86ce7bca90de3895e12f0d9afd4eb872e127479e2d",
                "sha256:316273cb20b062de3ecfaf121e9eb90512d4d254f1a6d64319812fdfcbd50b36",
                "sha256:3256f044268ae1d0798f59f7d748d4435c6e703c2bae0d7547e3415b9fa75b0f",
                "sha256:383182b84e0d8fb7e96641a786386661a7064db05a997761b222f7d1cfbd947e",
                "sha256:38a77ed319cc8d84f4dd4d8a8548df784b2b5d9aa674bc4d8a1fcbba3f02f855",
                "sha256:455ef9c8c47e152c7adff7300a54e32c5c236c6e40ef362a428b724c53ef4b3e",
                "sha256:457a22e9d28c6e0580c196425a626feff72e2535150304b416c05cfc5926078f",
                "sha256:4601025a62c8ed9a9ed53f90a155a32488a38bcc3e1afe880e7317461527eb68",
                "sha256:4844076ed96ca0be01cf28dbfb70144a76ec083c40771ff86e260e88ac2cf8f8",
                "sha256:4bb6b4861973591cb369a59458d29d0514f97583cf307b1d2c99ebc5b150f7a1",
                "sha256:5ecc0da773b5b87cb25dacb9457f7cde53bc7ff6c7b7725c661b2f25ad585291",
                "sha256:63788cd4a06fbbb24ab23f6117b5dd3a759b4b20f9d89f0ca3aaa9b8e4909883",
                "sha256:64aeaf48adde20d1d474e94e476e0923d77841b2b8af0343a3f45a5a21af9b92",
                "sha256:69973b016e81ed6b35b6f9f1f3dddc3b19c10875b8a6fc6304d98898d7e7c350",
                "sha256:6c418e0b098f34337f9a4376a1ac40804dad793d8273b7f5364d8aa093ecc522",
                "sha256:6dbbca16b84388e1d5dead1816455deb66ea1d9f32546df1a4ef04e28048df03",
                "sha256:7309e183408aa6434789377ad03c5de4c94f639546a4afe850959cd6c3fc5088",
                "sha256:81831edd938625bea74714ad440b6a5b62f7af92c648260ee4a6568846d61cdf",
                "sha256:8fe7f01c92d796126f8d720779777769007484aade948f05010968f7025316c1",
                "sha256:9100260dbb1ff232d5671e8d66f9742d6f83ff1129059d3707155de990ec1e42",
                "sha256:93333376a9d12e1bd38ddf043ac5e6553a9e956a29d980d26953514e9e60c16d",
                "sha256:93f6cceb6d8f7f0f54a4ae20cd42ed7a4e1377fa6197516629758a5561b9de24",
                "sha256:9a54aea897e3bc93e58ea01d2276fee0314fc8d6124aa9570bb10125ec31b0ed",
                "sha256:9c3e2805d10bf972c6bbb7189189f093e7ee0f76da41fd9c2d31e489cdedcdfd",
                "sha256:9f581e2a91106e9467cea91cde750f0cb68a5326f9b53fdd87913312a50534b7",
                "sha256:a03c4e5cdc94ff0c8517a4c19c2c68c421721eceaf8c8ea7bb616d50a05706ab",
                "sha256:a31fe0ad693656675fc48d57f9f4de336e65e9524d595457521beec8a16ecf9d",
                "sha256:a6e6e99b2cc6f3096718148b5fc072fecb1a73d69a545498a1ccb0d02c0c9560",
                "sha256:af0cb53b4fdc36f97e4f2b8d09fb43b636a8ac5ab6688c9d5498adb8759e6824",
                "sha256:b1fc68d86f4d6af7e2ebeddcbfb126f53c2416e0f01f282ff5e022ecc8884a77",
                "sha256:b49f83167ec1d58df25fde85a7b704c6ffe99827cd8c071c158cd8a8d2e7677b",
                "sha256:b57204d9066dbfe445e8f01a28bedda336d9b24777811eea8801ef277d4bffbd",
                "sha256:b5e6c8eeefaa0d16d53f56135ebad651caccb00bd6b426687ba8dee6e4bc9c82",
                "sha256:b6f22067f980895d55ec6737cee88a9b265842236cfa5fd77812b00094205720",
                "sha256:b9aebb963c5213a6f7c50be7c2f80fbddbf395197a91b9e4ea9c023e46ba1b6a",
                "sha256:ba27de1e38517eebc720f1a229119f0e5f6b488eb1a40b89c557f17eadf8f213",
                "sha256:bbc744059f59673b62bda84698d6e0f931bc95c5211250d93ae3e5890a5936f8",
                "sha256:bcc04b09a5b72680548002dd508747cb209c99aff007d9c76468855f85431b03",
                "sha256:cfbf3435e63707b3a7754ef617dd61ae2db03bb8c6f4b4040cbefb999963a853",
                "sha256:d321801209d01d32a455949156368686dac9aaae5dd8d8f3fbb66e4056524b78",
                "sha256:d347b2be8046c34df909674f53a40ca0c85483c2a75c3fa29fdad5a7a2d2b48d",
                "sha256:d3dd5715482e3ac31fd0f6dca77a4efb8fa34461f6ce39929c27fc1c9d8e26a8",
                "sha256:d999efd5fb582f0f0b40052510861ad65a919b80160322c1007d6bd671af92c9",
                "sha256:de7c6fdda20885f03db1b689cb8c8e3a1103d265607ec47a5f0bff7334a484e4",
                "sha256:e1608b12ba6deede987addb6d3827469234c2ccaf26e78cc9313fae1328e29e0",
                "sha256:f47e41ce2876e57c16926768e13126a18d815d384dd1a33f6e9e6dada84a4338",
                "sha256:f5c83d342964722934a4dd28aaa9bf6f4095a97e970ae2b79b7a28fdfad6d6c3",
                "sha256:ff180ed0e9128853d49e6c47be3f9e771bb80ef602cbedf97e63c942830402f3"
            ],
            "index": "pypi",
            "version": "==0.58.4"
        },
        "django": {
            "hashes": [
                "sha256:110fb58fb12eca59e072ad59fc42d771cd642dd7a2f2416582aa9da7a8ef954a",
                "sha256:2485eea3cc4c3bae13080dee866ebf90ba9f98d1afe8fda89bfb0eb2e218ef86",
                "sha256:7cd8e8a3ed2bc0dfda05ce1e53a9c81b30eefd7aa350e538a18884475e4d4ce2",
                "sha256:996495c58bff749232426c88726d8cd38d24c94d7c1d80835aafffa9bc52985a"
            ],
            "index": "pypi",
            "version": "==4.0.2"
        },
        "django-bootstrap4": {
            "hashes": [
                "sha256:0b9eeafecd132c0e6af8688493816fc2ae172d2eb3d98e66dc5eb48757da65df",
                "sha256:46f9ea3789bc1a2fa5db94b9439e2a755cca582af06af0c6cfc76d70b6e5702c"
            ],
            "index": "pypi",
            "version": "==21.2"
        },
        "django-cors-headers": {
            "hashes": [
                "sha256:a22be2befd4069c4fc174f11cf067351df5c061a3a5f94a01650b4e928b0372b",
                "sha256:eb98389bf7a2afc5d374806af4a9149697e3a6955b5a2dc2bf049f7d33647456"
            ],
            "index": "pypi",
            "version": "==3.11.0"
        },
        "django-filter": {
            "hashes": [
                "sha256:632a251fa8f1aadb4b8cceff932bb52fe2f826dd7dfe7f3eac40e5c463d6836e",
                "sha256:f4a6737a30104c98d2e2a5fb93043f36dd7978e0c7ddc92f5998e85433ea5063"
            ],
            "index": "pypi",
            "version": "==21.1"
        },
        "djangorestframework": {
            "hashes": [
                "sha256:0c33407ce23acc68eca2a6e46424b008c9c02eceb8cf18581921d0092bc1f2ee",
                "sha256:24c4bf58ed7e85d1fe4ba250ab2da926d263cd57d64b03e8dcef0ac683f8b1aa"
            ],
            "index": "pypi",
            "version": "==3.13.1"
        },
        "idna": {
            "hashes": [
                "sha256:84d9dd047ffa80596e0f246e2eab0b391788b0503584e8945f2368256d2735ff",
                "sha256:9d643ff0a55b762d5cdb124b8eaa99c66322e2157b69160bc32796e824360e6d"
            ],
            "markers": "python_version >= '3.0'",
            "version": "==3.3"
        },
        "importlib-metadata": {
            "hashes": [
                "sha256:175f4ee440a0317f6e8d81b7f8d4869f93316170a65ad2b007d2929186c8052c",
                "sha256:e0bc84ff355328a4adfc5240c4f211e0ab386f80aa640d1b11f0618a1d282094"
            ],
            "markers": "python_version < '3.10'",
            "version": "==4.11.1"
        },
        "iniconfig": {
            "hashes": [
                "sha256:011e24c64b7f47f6ebd835bb12a743f2fbe9a26d4cecaa7f53bc4f35ee9da8b3",
                "sha256:bc3af051d7d14b2ee5ef9969666def0cd1a000e121eaea580d4a313df4b37f32"
            ],
            "version": "==1.1.1"
        },
        "markdown": {
            "hashes": [
                "sha256:76df8ae32294ec39dcf89340382882dfa12975f87f45c3ed1ecdb1e8cefc7006",
                "sha256:9923332318f843411e9932237530df53162e29dc7a4e2b91e35764583c46c9a3"
            ],
            "index": "pypi",
            "version": "==3.3.6"
        },
        "mysqlclient": {
            "hashes": [
                "sha256:02c8826e6add9b20f4cb12dcf016485f7b1d6e30356a1204d05431867a1b3947",
                "sha256:2c8410f54492a3d2488a6a53e2d85b7e016751a1e7d116e7aea9c763f59f5e8c",
                "sha256:973235686f1b720536d417bf0a0d39b4ab3d5086b2b6ad5e6752393428c02b12",
                "sha256:b62d23c11c516cedb887377c8807628c1c65d57593b57853186a6ee18b0c6a5b",
                "sha256:e6279263d5a9feca3e0edbc2b2a52c057375bf301d47da2089c075ff76331d14"
            ],
            "index": "pypi",
            "version": "==2.1.0"
        },
        "packaging": {
            "hashes": [
                "sha256:dd47c42927d89ab911e606518907cc2d3a1f38bbd026385970643f9c5b8ecfeb",
                "sha256:ef103e05f519cdc783ae24ea4e2e0f508a9c99b2d4969652eed6a2e1ea5bd522"
            ],
            "markers": "python_version >= '3.6'",
            "version": "==21.3"
        },
        "pluggy": {
            "hashes": [
                "sha256:4224373bacce55f955a878bf9cfa763c1e360858e330072059e10bad68531159",
                "sha256:74134bbf457f031a36d68416e1509f34bd5ccc019f0bcc952c7b909d06b37bd3"
            ],
            "markers": "python_version >= '3.6'",
            "version": "==1.0.0"
        },
        "protobuf": {
            "hashes": [
                "sha256:072fbc78d705d3edc7ccac58a62c4c8e0cec856987da7df8aca86e647be4e35c",
                "sha256:09297b7972da685ce269ec52af761743714996b4381c085205914c41fcab59fb",
                "sha256:16f519de1313f1b7139ad70772e7db515b1420d208cb16c6d7858ea989fc64a9",
                "sha256:1c91ef4110fdd2c590effb5dca8fdbdcb3bf563eece99287019c4204f53d81a4",
                "sha256:3112b58aac3bac9c8be2b60a9daf6b558ca3f7681c130dcdd788ade7c9ffbdca",
                "sha256:36cecbabbda242915529b8ff364f2263cd4de7c46bbe361418b5ed859677ba58",
                "sha256:4276cdec4447bd5015453e41bdc0c0c1234eda08420b7c9a18b8d647add51e4b",
                "sha256:435bb78b37fc386f9275a7035fe4fb1364484e38980d0dd91bc834a02c5ec909",
                "sha256:48ed3877fa43e22bcacc852ca76d4775741f9709dd9575881a373bd3e85e54b2",
                "sha256:54a1473077f3b616779ce31f477351a45b4fef8c9fd7892d6d87e287a38df368",
                "sha256:69da7d39e39942bd52848438462674c463e23963a1fdaa84d88df7fbd7e749b2",
                "sha256:6cbc312be5e71869d9d5ea25147cdf652a6781cf4d906497ca7690b7b9b5df13",
                "sha256:7bb03bc2873a2842e5ebb4801f5c7ff1bfbdf426f85d0172f7644fcda0671ae0",
                "sha256:7ca7da9c339ca8890d66958f5462beabd611eca6c958691a8fe6eccbd1eb0c6e",
                "sha256:835a9c949dc193953c319603b2961c5c8f4327957fe23d914ca80d982665e8ee",
                "sha256:84123274d982b9e248a143dadd1b9815049f4477dc783bf84efe6250eb4b836a",
                "sha256:8961c3a78ebfcd000920c9060a262f082f29838682b1f7201889300c1fbe0616",
                "sha256:96bd766831596d6014ca88d86dc8fe0fb2e428c0b02432fd9db3943202bf8c5e",
                "sha256:9df0c10adf3e83015ced42a9a7bd64e13d06c4cf45c340d2c63020ea04499d0a",
                "sha256:b38057450a0c566cbd04890a40edf916db890f2818e8682221611d78dc32ae26",
                "sha256:bd95d1dfb9c4f4563e6093a9aa19d9c186bf98fa54da5252531cc0d3a07977e7",
                "sha256:c1068287025f8ea025103e37d62ffd63fec8e9e636246b89c341aeda8a67c934",
                "sha256:c438268eebb8cf039552897d78f402d734a404f1360592fef55297285f7f953f",
                "sha256:cdc076c03381f5c1d9bb1abdcc5503d9ca8b53cf0a9d31a9f6754ec9e6c8af0f",
                "sha256:f358aa33e03b7a84e0d91270a4d4d8f5df6921abe99a377828839e8ed0c04e07",
                "sha256:f51d5a9f137f7a2cec2d326a74b6e3fc79d635d69ffe1b036d39fc7d75430d37"
            ],
            "markers": "python_version >= '3.6'",
            "version": "==3.19.4"
        },
        "py": {
            "hashes": [
                "sha256:51c75c4126074b472f746a24399ad32f6053d1b34b68d2fa41e558e6f4a98719",
                "sha256:607c53218732647dff4acdfcd50cb62615cedf612e72d1724fb1a0cc6405b378"
            ],
            "markers": "python_version >= '2.7' and python_version not in '3.0, 3.1, 3.2, 3.3, 3.4'",
            "version": "==1.11.0"
        },
        "pyparsing": {
            "hashes": [
                "sha256:18ee9022775d270c55187733956460083db60b37d0d0fb357445f3094eed3eea",
                "sha256:a6c06a88f252e6c322f65faf8f418b16213b51bdfaece0524c1c1bc30c63c484"
            ],
            "markers": "python_version >= '3.6'",
            "version": "==3.0.7"
        },
        "pytest": {
            "hashes": [
                "sha256:9ce3ff477af913ecf6321fe337b93a2c0dcf2a0a1439c43f5452112c1e4280db",
                "sha256:e30905a0c131d3d94b89624a1cc5afec3e0ba2fbdb151867d8e0ebd49850f171"
            ],
            "index": "pypi",
            "version": "==7.0.1"
        },
        "pytz": {
            "hashes": [
                "sha256:3672058bc3453457b622aab7a1c3bfd5ab0bdae451512f6cf25f64ed37f5b87c",
                "sha256:acad2d8b20a1af07d4e4c9d2e9285c5ed9104354062f275f3fcd88dcef4f1326"
            ],
            "version": "==2021.3"
        },
        "requests": {
            "hashes": [
                "sha256:68d7c56fd5a8999887728ef304a6d12edc7be74f1cfa47714fc8b414525c9a61",
                "sha256:f22fa1e554c9ddfd16e6e41ac79759e17be9e492b3587efa038054674760e72d"
            ],
            "markers": "python_version >= '3.0'",
            "version": "==2.27.1"
        },
        "six": {
            "hashes": [
                "sha256:1e61c37477a1626458e36f7b1d82aa5c9b094fa4802892072e49de9c60c4c926",
                "sha256:8abb2f1d86890a2dfb989f9a77cfcfd3e47c2a354b01111771326f8aa26e0254"
            ],
            "markers": "python_version >= '2.7' and python_version not in '3.0, 3.1, 3.2, 3.3'",
            "version": "==1.16.0"
        },
        "soupsieve": {
            "hashes": [
                "sha256:1a3cca2617c6b38c0343ed661b1fa5de5637f257d4fe22bd9f1338010a1efefb",
                "sha256:b8d49b1cd4f037c7082a9683dfa1801aa2597fb11c3a1155b7a5b94829b4f1f9"
            ],
            "markers": "python_version >= '3.6'",
            "version": "==2.3.1"
        },
        "sqlparse": {
            "hashes": [
                "sha256:0c00730c74263a94e5a9919ade150dfc3b19c574389985446148402998287dae",
                "sha256:48719e356bb8b42991bdbb1e8b83223757b93789c00910a616a071910ca4a64d"
            ],
            "markers": "python_version >= '3.5'",
            "version": "==0.4.2"
        },
        "stripe": {
            "hashes": [
                "sha256:283f6f80d16cc5b473116697e0f4569df46b44826d1c78197880bce6dc066d0d",
                "sha256:77c6032230f7714b1a1b459074f08c60d60c229b9c3beac372719063e3d1409c"
            ],
            "index": "pypi",
            "version": "==2.66.0"
        },
        "tenacity": {
            "hashes": [
                "sha256:43242a20e3e73291a28bcbcacfd6e000b02d3857a9a9fff56b297a27afdc932f",
                "sha256:f78f4ea81b0fabc06728c11dc2a8c01277bfc5181b321a4770471902e3eb844a"
            ],
            "markers": "python_version >= '3.6'",
            "version": "==8.0.1"
        },
        "tomli": {
            "hashes": [
                "sha256:939de3e7a6161af0c887ef91b7d41a53e7c5a1ca976325f429cb46ea9bc30ecc",
                "sha256:de526c12914f0c550d15924c62d72abc48d6fe7364aa87328337a31007fe8a4f"
            ],
            "markers": "python_version >= '3.7'",
            "version": "==2.0.1"
        },
        "urllib3": {
            "hashes": [
                "sha256:000ca7f471a233c2251c6c7023ee85305721bfdf18621ebff4fd17a8653427ed",
                "sha256:0e7c33d9a63e7ddfcb86780aac87befc2fbddf46c58dbb487e0855f7ceec283c"
            ],
            "markers": "python_version >= '2.7' and python_version not in '3.0, 3.1, 3.2, 3.3, 3.4' and python_version < '4'",
            "version": "==1.26.8"
        },
        "xmltodict": {
            "hashes": [
                "sha256:50d8c638ed7ecb88d90561beedbf720c9b4e851a9fa6c47ebd64e99d166d8a21",
                "sha256:8bbcb45cc982f48b2ca8fe7e7827c5d792f217ecf1792626f808bf41c3b86051"
            ],
            "index": "pypi",
            "version": "==0.12.0"
        },
        "zipp": {
            "hashes": [
                "sha256:9f50f446828eb9d45b267433fd3e9da8d801f614129124863f9c51ebceafb87d",
                "sha256:b47250dd24f92b7dd6a0a8fc5244da14608f3ca90a5efcd37a3b1642fac9a375"
            ],
            "markers": "python_version >= '3.7'",
            "version": "==3.7.0"
        }
    },
    "develop": {}
}
